
Microsoft Visual Studio Solution File, Format Version 11.00
# Visual Studio 2010
Project("{FAE04EC0-301F-11D3-BF4B-00C04F79EFBC}") = "BundleTransformer.Core", "BundleTransformer.Core\BundleTransformer.Core.csproj", "{1BAB3B8F-9A16-4632-BFB5-47A441DD9AFF}"
EndProject
Project("{2150E333-8FDC-42A3-9474-1A3956D46DE8}") = "Solution Items", "Solution Items", "{74692653-A10A-44E4-B59C-44F3A260A0DB}"
	ProjectSection(SolutionItems) = preProject
		BundleTransformer.vsmdi = BundleTransformer.vsmdi
		Local.testsettings = Local.testsettings
		TraceAndTestImpact.testsettings = TraceAndTestImpact.testsettings
	EndProjectSection
EndProject
Project("{FAE04EC0-301F-11D3-BF4B-00C04F79EFBC}") = "BundleTransformer.CoffeeScript", "BundleTransformer.CoffeeScript\BundleTransformer.CoffeeScript.csproj", "{0648FFE9-2A1A-4E17-AF5D-AE0048378617}"
EndProject
Project("{FAE04EC0-301F-11D3-BF4B-00C04F79EFBC}") = "BundleTransformer.MicrosoftAjax", "BundleTransformer.MicrosoftAjax\BundleTransformer.MicrosoftAjax.csproj", "{72A5E68C-6919-4DD7-9D30-E07A857806D4}"
EndProject
Project("{FAE04EC0-301F-11D3-BF4B-00C04F79EFBC}") = "BundleTransformer.Yui", "BundleTransformer.Yui\BundleTransformer.Yui.csproj", "{760C2730-48D6-4DC9-A08E-B0E47322155A}"
EndProject
Project("{FAE04EC0-301F-11D3-BF4B-00C04F79EFBC}") = "BundleTransformer.Closure", "BundleTransformer.Closure\BundleTransformer.Closure.csproj", "{C0CA5EE5-832E-4090-A749-CDC0479A35C7}"
EndProject
Project("{FAE04EC0-301F-11D3-BF4B-00C04F79EFBC}") = "BundleTransformer.JsMin", "BundleTransformer.JsMin\BundleTransformer.JsMin.csproj", "{141FCB8B-27E9-459F-9057-F411107D6E48}"
EndProject
Project("{FAE04EC0-301F-11D3-BF4B-00C04F79EFBC}") = "BundleTransformer.Example.Mvc", "BundleTransformer.Example.Mvc\BundleTransformer.Example.Mvc.csproj", "{22433A9D-93D7-4C11-8540-A79A05BDCF63}"
EndProject
Project("{FAE04EC0-301F-11D3-BF4B-00C04F79EFBC}") = "BundleTransformer.WG", "BundleTransformer.WG\BundleTransformer.WG.csproj", "{43801A25-27D6-42C6-B56C-BAD8172226F6}"
EndProject
Project("{FAE04EC0-301F-11D3-BF4B-00C04F79EFBC}") = "BundleTransformer.Packer", "BundleTransformer.Packer\BundleTransformer.Packer.csproj", "{3F489276-A9C9-4BF4-A3E1-5FB187E5017C}"
EndProject
Project("{FAE04EC0-301F-11D3-BF4B-00C04F79EFBC}") = "BundleTransformer.TypeScript", "BundleTransformer.TypeScript\BundleTransformer.TypeScript.csproj", "{0866BE97-464C-4A68-B26E-1E73484A2C98}"
EndProject
Project("{FAE04EC0-301F-11D3-BF4B-00C04F79EFBC}") = "BundleTransformer.Tests", "BundleTransformer.Tests\BundleTransformer.Tests.csproj", "{30920DFA-8814-4413-AF0E-5C38601F6682}"
EndProject
Project("{FAE04EC0-301F-11D3-BF4B-00C04F79EFBC}") = "BundleTransformer.SassAndScss", "BundleTransformer.SassAndScss\BundleTransformer.SassAndScss.csproj", "{E708475F-094D-4065-B432-473D76B739E0}"
EndProject
Project("{FAE04EC0-301F-11D3-BF4B-00C04F79EFBC}") = "BundleTransformer.Csso", "BundleTransformer.Csso\BundleTransformer.Csso.csproj", "{E70F938E-7498-4904-8E89-445DE42D974B}"
EndProject
Project("{FAE04EC0-301F-11D3-BF4B-00C04F79EFBC}") = "BundleTransformer.UglifyJs", "BundleTransformer.UglifyJs\BundleTransformer.UglifyJs.csproj", "{B8C2B00A-5703-475E-8D80-F353673B60A6}"
EndProject
Project("{FAE04EC0-301F-11D3-BF4B-00C04F79EFBC}") = "BundleTransformer.Less", "BundleTransformer.Less\BundleTransformer.Less.csproj", "{8B1E4598-9E2E-4C62-ABCF-E8D6107301C9}"
EndProject
Global
	GlobalSection(TestCaseManagementSettings) = postSolution
		CategoryFile = BundleTransformer.vsmdi
	EndGlobalSection
	GlobalSection(SolutionConfigurationPlatforms) = preSolution
		Debug|Any CPU = Debug|Any CPU
		Debug|Mixed Platforms = Debug|Mixed Platforms
		Debug|x64 = Debug|x64
		Debug|x86 = Debug|x86
		Release|Any CPU = Release|Any CPU
		Release|Mixed Platforms = Release|Mixed Platforms
		Release|x64 = Release|x64
		Release|x86 = Release|x86
	EndGlobalSection
	GlobalSection(ProjectConfigurationPlatforms) = postSolution
		{1BAB3B8F-9A16-4632-BFB5-47A441DD9AFF}.Debug|Any CPU.ActiveCfg = Debug|Any CPU
		{1BAB3B8F-9A16-4632-BFB5-47A441DD9AFF}.Debug|Any CPU.Build.0 = Debug|Any CPU
		{1BAB3B8F-9A16-4632-BFB5-47A441DD9AFF}.Debug|Mixed Platforms.ActiveCfg = Debug|Any CPU
		{1BAB3B8F-9A16-4632-BFB5-47A441DD9AFF}.Debug|Mixed Platforms.Build.0 = Debug|Any CPU
		{1BAB3B8F-9A16-4632-BFB5-47A441DD9AFF}.Debug|x64.ActiveCfg = Debug|x64
		{1BAB3B8F-9A16-4632-BFB5-47A441DD9AFF}.Debug|x64.Build.0 = Debug|x64
		{1BAB3B8F-9A16-4632-BFB5-47A441DD9AFF}.Debug|x86.ActiveCfg = Debug|Any CPU
		{1BAB3B8F-9A16-4632-BFB5-47A441DD9AFF}.Release|Any CPU.ActiveCfg = Release|Any CPU
		{1BAB3B8F-9A16-4632-BFB5-47A441DD9AFF}.Release|Any CPU.Build.0 = Release|Any CPU
		{1BAB3B8F-9A16-4632-BFB5-47A441DD9AFF}.Release|Mixed Platforms.ActiveCfg = Release|Any CPU
		{1BAB3B8F-9A16-4632-BFB5-47A441DD9AFF}.Release|Mixed Platforms.Build.0 = Release|Any CPU
		{1BAB3B8F-9A16-4632-BFB5-47A441DD9AFF}.Release|x64.ActiveCfg = Release|x64
		{1BAB3B8F-9A16-4632-BFB5-47A441DD9AFF}.Release|x64.Build.0 = Release|x64
		{1BAB3B8F-9A16-4632-BFB5-47A441DD9AFF}.Release|x86.ActiveCfg = Release|Any CPU
		{0648FFE9-2A1A-4E17-AF5D-AE0048378617}.Debug|Any CPU.ActiveCfg = Debug|Any CPU
		{0648FFE9-2A1A-4E17-AF5D-AE0048378617}.Debug|Any CPU.Build.0 = Debug|Any CPU
		{0648FFE9-2A1A-4E17-AF5D-AE0048378617}.Debug|Mixed Platforms.ActiveCfg = Debug|Any CPU
		{0648FFE9-2A1A-4E17-AF5D-AE0048378617}.Debug|Mixed Platforms.Build.0 = Debug|Any CPU
		{0648FFE9-2A1A-4E17-AF5D-AE0048378617}.Debug|x64.ActiveCfg = Debug|Any CPU
		{0648FFE9-2A1A-4E17-AF5D-AE0048378617}.Debug|x86.ActiveCfg = Debug|Any CPU
		{0648FFE9-2A1A-4E17-AF5D-AE0048378617}.Release|Any CPU.ActiveCfg = Release|Any CPU
		{0648FFE9-2A1A-4E17-AF5D-AE0048378617}.Release|Any CPU.Build.0 = Release|Any CPU
		{0648FFE9-2A1A-4E17-AF5D-AE0048378617}.Release|Mixed Platforms.ActiveCfg = Release|Any CPU
		{0648FFE9-2A1A-4E17-AF5D-AE0048378617}.Release|Mixed Platforms.Build.0 = Release|Any CPU
		{0648FFE9-2A1A-4E17-AF5D-AE0048378617}.Release|x64.ActiveCfg = Release|Any CPU
		{0648FFE9-2A1A-4E17-AF5D-AE0048378617}.Release|x86.ActiveCfg = Release|Any CPU
		{72A5E68C-6919-4DD7-9D30-E07A857806D4}.Debug|Any CPU.ActiveCfg = Debug|Any CPU
		{72A5E68C-6919-4DD7-9D30-E07A857806D4}.Debug|Any CPU.Build.0 = Debug|Any CPU
		{72A5E68C-6919-4DD7-9D30-E07A857806D4}.Debug|Mixed Platforms.ActiveCfg = Debug|Any CPU
		{72A5E68C-6919-4DD7-9D30-E07A857806D4}.Debug|Mixed Platforms.Build.0 = Debug|Any CPU
		{72A5E68C-6919-4DD7-9D30-E07A857806D4}.Debug|x64.ActiveCfg = Debug|Any CPU
		{72A5E68C-6919-4DD7-9D30-E07A857806D4}.Debug|x86.ActiveCfg = Debug|Any CPU
		{72A5E68C-6919-4DD7-9D30-E07A857806D4}.Release|Any CPU.ActiveCfg = Release|Any CPU
		{72A5E68C-6919-4DD7-9D30-E07A857806D4}.Release|Any CPU.Build.0 = Release|Any CPU
		{72A5E68C-6919-4DD7-9D30-E07A857806D4}.Release|Mixed Platforms.ActiveCfg = Release|Any CPU
		{72A5E68C-6919-4DD7-9D30-E07A857806D4}.Release|Mixed Platforms.Build.0 = Release|Any CPU
		{72A5E68C-6919-4DD7-9D30-E07A857806D4}.Release|x64.ActiveCfg = Release|Any CPU
		{72A5E68C-6919-4DD7-9D30-E07A857806D4}.Release|x86.ActiveCfg = Release|Any CPU
		{760C2730-48D6-4DC9-A08E-B0E47322155A}.Debug|Any CPU.ActiveCfg = Debug|Any CPU
		{760C2730-48D6-4DC9-A08E-B0E47322155A}.Debug|Any CPU.Build.0 = Debug|Any CPU
		{760C2730-48D6-4DC9-A08E-B0E47322155A}.Debug|Mixed Platforms.ActiveCfg = Debug|Any CPU
		{760C2730-48D6-4DC9-A08E-B0E47322155A}.Debug|Mixed Platforms.Build.0 = Debug|Any CPU
		{760C2730-48D6-4DC9-A08E-B0E47322155A}.Debug|x64.ActiveCfg = Debug|Any CPU
		{760C2730-48D6-4DC9-A08E-B0E47322155A}.Debug|x86.ActiveCfg = Debug|Any CPU
		{760C2730-48D6-4DC9-A08E-B0E47322155A}.Release|Any CPU.ActiveCfg = Release|Any CPU
		{760C2730-48D6-4DC9-A08E-B0E47322155A}.Release|Any CPU.Build.0 = Release|Any CPU
		{760C2730-48D6-4DC9-A08E-B0E47322155A}.Release|Mixed Platforms.ActiveCfg = Release|Any CPU
		{760C2730-48D6-4DC9-A08E-B0E47322155A}.Release|Mixed Platforms.Build.0 = Release|Any CPU
		{760C2730-48D6-4DC9-A08E-B0E47322155A}.Release|x64.ActiveCfg = Release|Any CPU
		{760C2730-48D6-4DC9-A08E-B0E47322155A}.Release|x86.ActiveCfg = Release|Any CPU
		{C0CA5EE5-832E-4090-A749-CDC0479A35C7}.Debug|Any CPU.ActiveCfg = Debug|Any CPU
		{C0CA5EE5-832E-4090-A749-CDC0479A35C7}.Debug|Any CPU.Build.0 = Debug|Any CPU
		{C0CA5EE5-832E-4090-A749-CDC0479A35C7}.Debug|Mixed Platforms.ActiveCfg = Debug|Any CPU
		{C0CA5EE5-832E-4090-A749-CDC0479A35C7}.Debug|Mixed Platforms.Build.0 = Debug|Any CPU
		{C0CA5EE5-832E-4090-A749-CDC0479A35C7}.Debug|x64.ActiveCfg = Debug|Any CPU
		{C0CA5EE5-832E-4090-A749-CDC0479A35C7}.Debug|x86.ActiveCfg = Debug|Any CPU
		{C0CA5EE5-832E-4090-A749-CDC0479A35C7}.Release|Any CPU.ActiveCfg = Release|Any CPU
		{C0CA5EE5-832E-4090-A749-CDC0479A35C7}.Release|Any CPU.Build.0 = Release|Any CPU
		{C0CA5EE5-832E-4090-A749-CDC0479A35C7}.Release|Mixed Platforms.ActiveCfg = Release|Any CPU
		{C0CA5EE5-832E-4090-A749-CDC0479A35C7}.Release|Mixed Platforms.Build.0 = Release|Any CPU
		{C0CA5EE5-832E-4090-A749-CDC0479A35C7}.Release|x64.ActiveCfg = Release|Any CPU
		{C0CA5EE5-832E-4090-A749-CDC0479A35C7}.Release|x86.ActiveCfg = Release|Any CPU
		{141FCB8B-27E9-459F-9057-F411107D6E48}.Debug|Any CPU.ActiveCfg = Debug|Any CPU
		{141FCB8B-27E9-459F-9057-F411107D6E48}.Debug|Any CPU.Build.0 = Debug|Any CPU
		{141FCB8B-27E9-459F-9057-F411107D6E48}.Debug|Mixed Platforms.ActiveCfg = Debug|Any CPU
		{141FCB8B-27E9-459F-9057-F411107D6E48}.Debug|Mixed Platforms.Build.0 = Debug|Any CPU
		{141FCB8B-27E9-459F-9057-F411107D6E48}.Debug|x64.ActiveCfg = Debug|Any CPU
		{141FCB8B-27E9-459F-9057-F411107D6E48}.Debug|x86.ActiveCfg = Debug|Any CPU
		{141FCB8B-27E9-459F-9057-F411107D6E48}.Release|Any CPU.ActiveCfg = Release|Any CPU
		{141FCB8B-27E9-459F-9057-F411107D6E48}.Release|Any CPU.Build.0 = Release|Any CPU
		{141FCB8B-27E9-459F-9057-F411107D6E48}.Release|Mixed Platforms.ActiveCfg = Release|Any CPU
		{141FCB8B-27E9-459F-9057-F411107D6E48}.Release|Mixed Platforms.Build.0 = Release|Any CPU
		{141FCB8B-27E9-459F-9057-F411107D6E48}.Release|x64.ActiveCfg = Release|Any CPU
		{141FCB8B-27E9-459F-9057-F411107D6E48}.Release|x86.ActiveCfg = Release|Any CPU
		{22433A9D-93D7-4C11-8540-A79A05BDCF63}.Debug|Any CPU.ActiveCfg = Debug|Any CPU
		{22433A9D-93D7-4C11-8540-A79A05BDCF63}.Debug|Any CPU.Build.0 = Debug|Any CPU
		{22433A9D-93D7-4C11-8540-A79A05BDCF63}.Debug|Mixed Platforms.ActiveCfg = Debug|Any CPU
		{22433A9D-93D7-4C11-8540-A79A05BDCF63}.Debug|Mixed Platforms.Build.0 = Debug|Any CPU
		{22433A9D-93D7-4C11-8540-A79A05BDCF63}.Debug|x64.ActiveCfg = Debug|Any CPU
		{22433A9D-93D7-4C11-8540-A79A05BDCF63}.Debug|x86.ActiveCfg = Debug|Any CPU
		{22433A9D-93D7-4C11-8540-A79A05BDCF63}.Release|Any CPU.ActiveCfg = Release|Any CPU
		{22433A9D-93D7-4C11-8540-A79A05BDCF63}.Release|Any CPU.Build.0 = Release|Any CPU
		{22433A9D-93D7-4C11-8540-A79A05BDCF63}.Release|Mixed Platforms.ActiveCfg = Release|Any CPU
		{22433A9D-93D7-4C11-8540-A79A05BDCF63}.Release|Mixed Platforms.Build.0 = Release|Any CPU
		{22433A9D-93D7-4C11-8540-A79A05BDCF63}.Release|x64.ActiveCfg = Release|Any CPU
		{22433A9D-93D7-4C11-8540-A79A05BDCF63}.Release|x86.ActiveCfg = Release|Any CPU
		{43801A25-27D6-42C6-B56C-BAD8172226F6}.Debug|Any CPU.ActiveCfg = Debug|Any CPU
		{43801A25-27D6-42C6-B56C-BAD8172226F6}.Debug|Any CPU.Build.0 = Debug|Any CPU
		{43801A25-27D6-42C6-B56C-BAD8172226F6}.Debug|Mixed Platforms.ActiveCfg = Debug|Any CPU
		{43801A25-27D6-42C6-B56C-BAD8172226F6}.Debug|Mixed Platforms.Build.0 = Debug|Any CPU
		{43801A25-27D6-42C6-B56C-BAD8172226F6}.Debug|x64.ActiveCfg = Debug|Any CPU
		{43801A25-27D6-42C6-B56C-BAD8172226F6}.Debug|x86.ActiveCfg = Debug|Any CPU
		{43801A25-27D6-42C6-B56C-BAD8172226F6}.Release|Any CPU.ActiveCfg = Release|Any CPU
		{43801A25-27D6-42C6-B56C-BAD8172226F6}.Release|Any CPU.Build.0 = Release|Any CPU
		{43801A25-27D6-42C6-B56C-BAD8172226F6}.Release|Mixed Platforms.ActiveCfg = Release|Any CPU
		{43801A25-27D6-42C6-B56C-BAD8172226F6}.Release|Mixed Platforms.Build.0 = Release|Any CPU
		{43801A25-27D6-42C6-B56C-BAD8172226F6}.Release|x64.ActiveCfg = Release|Any CPU
		{43801A25-27D6-42C6-B56C-BAD8172226F6}.Release|x86.ActiveCfg = Release|Any CPU
		{3F489276-A9C9-4BF4-A3E1-5FB187E5017C}.Debug|Any CPU.ActiveCfg = Debug|Any CPU
		{3F489276-A9C9-4BF4-A3E1-5FB187E5017C}.Debug|Any CPU.Build.0 = Debug|Any CPU
		{3F489276-A9C9-4BF4-A3E1-5FB187E5017C}.Debug|Mixed Platforms.ActiveCfg = Debug|Any CPU
		{3F489276-A9C9-4BF4-A3E1-5FB187E5017C}.Debug|Mixed Platforms.Build.0 = Debug|Any CPU
		{3F489276-A9C9-4BF4-A3E1-5FB187E5017C}.Debug|x64.ActiveCfg = Debug|Any CPU
		{3F489276-A9C9-4BF4-A3E1-5FB187E5017C}.Debug|x86.ActiveCfg = Debug|Any CPU
		{3F489276-A9C9-4BF4-A3E1-5FB187E5017C}.Release|Any CPU.ActiveCfg = Release|Any CPU
		{3F489276-A9C9-4BF4-A3E1-5FB187E5017C}.Release|Any CPU.Build.0 = Release|Any CPU
		{3F489276-A9C9-4BF4-A3E1-5FB187E5017C}.Release|Mixed Platforms.ActiveCfg = Release|Any CPU
		{3F489276-A9C9-4BF4-A3E1-5FB187E5017C}.Release|Mixed Platforms.Build.0 = Release|Any CPU
		{3F489276-A9C9-4BF4-A3E1-5FB187E5017C}.Release|x64.ActiveCfg = Release|Any CPU
		{3F489276-A9C9-4BF4-A3E1-5FB187E5017C}.Release|x86.ActiveCfg = Release|Any CPU
		{0866BE97-464C-4A68-B26E-1E73484A2C98}.Debug|Any CPU.ActiveCfg = Debug|Any CPU
		{0866BE97-464C-4A68-B26E-1E73484A2C98}.Debug|Any CPU.Build.0 = Debug|Any CPU
		{0866BE97-464C-4A68-B26E-1E73484A2C98}.Debug|Mixed Platforms.ActiveCfg = Debug|Any CPU
		{0866BE97-464C-4A68-B26E-1E73484A2C98}.Debug|Mixed Platforms.Build.0 = Debug|Any CPU
		{0866BE97-464C-4A68-B26E-1E73484A2C98}.Debug|x64.ActiveCfg = Debug|Any CPU
		{0866BE97-464C-4A68-B26E-1E73484A2C98}.Debug|x86.ActiveCfg = Debug|Any CPU
		{0866BE97-464C-4A68-B26E-1E73484A2C98}.Release|Any CPU.ActiveCfg = Release|Any CPU
		{0866BE97-464C-4A68-B26E-1E73484A2C98}.Release|Any CPU.Build.0 = Release|Any CPU
		{0866BE97-464C-4A68-B26E-1E73484A2C98}.Release|Mixed Platforms.ActiveCfg = Release|Any CPU
		{0866BE97-464C-4A68-B26E-1E73484A2C98}.Release|Mixed Platforms.Build.0 = Release|Any CPU
		{0866BE97-464C-4A68-B26E-1E73484A2C98}.Release|x64.ActiveCfg = Release|Any CPU
		{0866BE97-464C-4A68-B26E-1E73484A2C98}.Release|x86.ActiveCfg = Release|Any CPU
		{30920DFA-8814-4413-AF0E-5C38601F6682}.Debug|Any CPU.ActiveCfg = Debug|Any CPU
		{30920DFA-8814-4413-AF0E-5C38601F6682}.Debug|Any CPU.Build.0 = Debug|Any CPU
		{30920DFA-8814-4413-AF0E-5C38601F6682}.Debug|Mixed Platforms.ActiveCfg = Debug|Any CPU
		{30920DFA-8814-4413-AF0E-5C38601F6682}.Debug|Mixed Platforms.Build.0 = Debug|Any CPU
		{30920DFA-8814-4413-AF0E-5C38601F6682}.Debug|x64.ActiveCfg = Debug|Any CPU
		{30920DFA-8814-4413-AF0E-5C38601F6682}.Debug|x86.ActiveCfg = Debug|Any CPU
		{30920DFA-8814-4413-AF0E-5C38601F6682}.Release|Any CPU.ActiveCfg = Release|Any CPU
		{30920DFA-8814-4413-AF0E-5C38601F6682}.Release|Any CPU.Build.0 = Release|Any CPU
		{30920DFA-8814-4413-AF0E-5C38601F6682}.Release|Mixed Platforms.ActiveCfg = Release|Any CPU
		{30920DFA-8814-4413-AF0E-5C38601F6682}.Release|Mixed Platforms.Build.0 = Release|Any CPU
		{30920DFA-8814-4413-AF0E-5C38601F6682}.Release|x64.ActiveCfg = Release|Any CPU
		{30920DFA-8814-4413-AF0E-5C38601F6682}.Release|x86.ActiveCfg = Release|Any CPU
		{E708475F-094D-4065-B432-473D76B739E0}.Debug|Any CPU.ActiveCfg = Debug|Any CPU
		{E708475F-094D-4065-B432-473D76B739E0}.Debug|Any CPU.Build.0 = Debug|Any CPU
		{E708475F-094D-4065-B432-473D76B739E0}.Debug|Mixed Platforms.ActiveCfg = Debug|Any CPU
		{E708475F-094D-4065-B432-473D76B739E0}.Debug|Mixed Platforms.Build.0 = Debug|Any CPU
		{E708475F-094D-4065-B432-473D76B739E0}.Debug|x64.ActiveCfg = Debug|Any CPU
		{E708475F-094D-4065-B432-473D76B739E0}.Debug|x86.ActiveCfg = Debug|Any CPU
		{E708475F-094D-4065-B432-473D76B739E0}.Release|Any CPU.ActiveCfg = Release|Any CPU
		{E708475F-094D-4065-B432-473D76B739E0}.Release|Any CPU.Build.0 = Release|Any CPU
		{E708475F-094D-4065-B432-473D76B739E0}.Release|Mixed Platforms.ActiveCfg = Release|Any CPU
		{E708475F-094D-4065-B432-473D76B739E0}.Release|Mixed Platforms.Build.0 = Release|Any CPU
		{E708475F-094D-4065-B432-473D76B739E0}.Release|x64.ActiveCfg = Release|Any CPU
		{E708475F-094D-4065-B432-473D76B739E0}.Release|x86.ActiveCfg = Release|Any CPU
		{E70F938E-7498-4904-8E89-445DE42D974B}.Debug|Any CPU.ActiveCfg = Debug|Any CPU
		{E70F938E-7498-4904-8E89-445DE42D974B}.Debug|Any CPU.Build.0 = Debug|Any CPU
		{E70F938E-7498-4904-8E89-445DE42D974B}.Debug|Mixed Platforms.ActiveCfg = Debug|x64
		{E70F938E-7498-4904-8E89-445DE42D974B}.Debug|Mixed Platforms.Build.0 = Debug|x64
		{E70F938E-7498-4904-8E89-445DE42D974B}.Debug|x64.ActiveCfg = Debug|x64
		{E70F938E-7498-4904-8E89-445DE42D974B}.Debug|x64.Build.0 = Debug|x64
		{E70F938E-7498-4904-8E89-445DE42D974B}.Debug|x86.ActiveCfg = Debug|x86
		{E70F938E-7498-4904-8E89-445DE42D974B}.Debug|x86.Build.0 = Debug|x86
		{E70F938E-7498-4904-8E89-445DE42D974B}.Release|Any CPU.ActiveCfg = Release|Any CPU
		{E70F938E-7498-4904-8E89-445DE42D974B}.Release|Any CPU.Build.0 = Release|Any CPU
		{E70F938E-7498-4904-8E89-445DE42D974B}.Release|Mixed Platforms.ActiveCfg = Release|x64
		{E70F938E-7498-4904-8E89-445DE42D974B}.Release|Mixed Platforms.Build.0 = Release|x64
		{E70F938E-7498-4904-8E89-445DE42D974B}.Release|x64.ActiveCfg = Release|x64
		{E70F938E-7498-4904-8E89-445DE42D974B}.Release|x64.Build.0 = Release|x64
		{E70F938E-7498-4904-8E89-445DE42D974B}.Release|x86.ActiveCfg = Release|x86
		{E70F938E-7498-4904-8E89-445DE42D974B}.Release|x86.Build.0 = Release|x86
		{B8C2B00A-5703-475E-8D80-F353673B60A6}.Debug|Any CPU.ActiveCfg = Debug|Any CPU
		{B8C2B00A-5703-475E-8D80-F353673B60A6}.Debug|Any CPU.Build.0 = Debug|Any CPU
		{B8C2B00A-5703-475E-8D80-F353673B60A6}.Debug|Mixed Platforms.ActiveCfg = Debug|Any CPU
		{B8C2B00A-5703-475E-8D80-F353673B60A6}.Debug|Mixed Platforms.Build.0 = Debug|Any CPU
		{B8C2B00A-5703-475E-8D80-F353673B60A6}.Debug|x64.ActiveCfg = Debug|Any CPU
		{B8C2B00A-5703-475E-8D80-F353673B60A6}.Debug|x86.ActiveCfg = Debug|Any CPU
		{B8C2B00A-5703-475E-8D80-F353673B60A6}.Release|Any CPU.ActiveCfg = Release|Any CPU
		{B8C2B00A-5703-475E-8D80-F353673B60A6}.Release|Any CPU.Build.0 = Release|Any CPU
		{B8C2B00A-5703-475E-8D80-F353673B60A6}.Release|Mixed Platforms.ActiveCfg = Release|Any CPU
		{B8C2B00A-5703-475E-8D80-F353673B60A6}.Release|Mixed Platforms.Build.0 = Release|Any CPU
		{B8C2B00A-5703-475E-8D80-F353673B60A6}.Release|x64.ActiveCfg = Release|Any CPU
		{B8C2B00A-5703-475E-8D80-F353673B60A6}.Release|x86.ActiveCfg = Release|Any CPU
		{8B1E4598-9E2E-4C62-ABCF-E8D6107301C9}.Debug|Any CPU.ActiveCfg = Debug|Any CPU
		{8B1E4598-9E2E-4C62-ABCF-E8D6107301C9}.Debug|Any CPU.Build.0 = Debug|Any CPU
		{8B1E4598-9E2E-4C62-ABCF-E8D6107301C9}.Debug|Mixed Platforms.ActiveCfg = Debug|Any CPU
		{8B1E4598-9E2E-4C62-ABCF-E8D6107301C9}.Debug|Mixed Platforms.Build.0 = Debug|Any CPU
		{8B1E4598-9E2E-4C62-ABCF-E8D6107301C9}.Debug|x64.ActiveCfg = Debug|Any CPU
		{8B1E4598-9E2E-4C62-ABCF-E8D6107301C9}.Debug|x86.ActiveCfg = Debug|Any CPU
		{8B1E4598-9E2E-4C62-ABCF-E8D6107301C9}.Release|Any CPU.ActiveCfg = Release|Any CPU
		{8B1E4598-9E2E-4C62-ABCF-E8D6107301C9}.Release|Any CPU.Build.0 = Release|Any CPU
		{8B1E4598-9E2E-4C62-ABCF-E8D6107301C9}.Release|Mixed Platforms.ActiveCfg = Release|Any CPU
		{8B1E4598-9E2E-4C62-ABCF-E8D6107301C9}.Release|Mixed Platforms.Build.0 = Release|Any CPU
		{8B1E4598-9E2E-4C62-ABCF-E8D6107301C9}.Release|x64.ActiveCfg = Release|Any CPU
		{8B1E4598-9E2E-4C62-ABCF-E8D6107301C9}.Release|x86.ActiveCfg = Release|Any CPU
	EndGlobalSection
	GlobalSection(SolutionProperties) = preSolution
		HideSolutionNode = FALSE
	EndGlobalSection
EndGlobal
