
Microsoft Visual Studio Solution File, Format Version 12.00
# Visual Studio 15
VisualStudioVersion = 15.0.28307.136
MinimumVisualStudioVersion = 10.0.40219.1
Project("{2150E333-8FDC-42A3-9474-1A3956D46DE8}") = "Solution Items", "Solution Items", "{B8A85D47-3B67-43D4-B489-CC94C87A592C}"
	ProjectSection(SolutionItems) = preProject
		package.json = package.json
	EndProjectSection
EndProject
Project("{2150E333-8FDC-42A3-9474-1A3956D46DE8}") = ".nuget", ".nuget", "{BB9DBC41-66C7-48CE-9056-85CB090B57D0}"
	ProjectSection(SolutionItems) = preProject
		.nuget\NuGet.Config = .nuget\NuGet.Config
		.nuget\NuGet.exe = .nuget\NuGet.exe
		.nuget\NuGet.targets = .nuget\NuGet.targets
	EndProjectSection
EndProject
Project("{2150E333-8FDC-42A3-9474-1A3956D46DE8}") = "src", "src", "{300F3D87-99D4-4DD7-BC4F-AC1144D1E7B2}"
EndProject
Project("{2150E333-8FDC-42A3-9474-1A3956D46DE8}") = "test", "test", "{6776745D-5712-4210-9180-43BCE7895075}"
EndProject
Project("{2150E333-8FDC-42A3-9474-1A3956D46DE8}") = "samples", "samples", "{1556868B-01ED-4001-8BD3-07AB2AF47169}"
EndProject
Project("{9A19103F-16F7-4668-BE54-9A1E7A4F7556}") = "BundleTransformer.Core", "src\BundleTransformer.Core\BundleTransformer.Core.csproj", "{7C375231-2815-47F0-A90D-D5A05D06B515}"
EndProject
Project("{9A19103F-16F7-4668-BE54-9A1E7A4F7556}") = "BundleTransformer.ConfigurationIntelliSense", "src\BundleTransformer.ConfigurationIntelliSense\BundleTransformer.ConfigurationIntelliSense.csproj", "{2B670131-FD58-43C9-B739-5440B63F19E9}"
EndProject
Project("{9A19103F-16F7-4668-BE54-9A1E7A4F7556}") = "BundleTransformer.Less", "src\BundleTransformer.Less\BundleTransformer.Less.csproj", "{751C4B4E-62F2-4799-8EFB-C414EF924589}"
EndProject
Project("{9A19103F-16F7-4668-BE54-9A1E7A4F7556}") = "BundleTransformer.SassAndScss", "src\BundleTransformer.SassAndScss\BundleTransformer.SassAndScss.csproj", "{5A05ADE5-8D18-47D9-B94B-9E48FC2EEB9A}"
EndProject
Project("{9A19103F-16F7-4668-BE54-9A1E7A4F7556}") = "BundleTransformer.CoffeeScript", "src\BundleTransformer.CoffeeScript\BundleTransformer.CoffeeScript.csproj", "{96B20278-F72D-4ED5-8C9D-508A0D01F422}"
EndProject
Project("{9A19103F-16F7-4668-BE54-9A1E7A4F7556}") = "BundleTransformer.TypeScript", "src\BundleTransformer.TypeScript\BundleTransformer.TypeScript.csproj", "{E1C8DFEA-47F5-4D68-8CE6-F874490B6383}"
EndProject
Project("{9A19103F-16F7-4668-BE54-9A1E7A4F7556}") = "BundleTransformer.Hogan", "src\BundleTransformer.Hogan\BundleTransformer.Hogan.csproj", "{81B772F1-0645-4EEA-83C9-B2E89F1E9944}"
EndProject
Project("{9A19103F-16F7-4668-BE54-9A1E7A4F7556}") = "BundleTransformer.Handlebars", "src\BundleTransformer.Handlebars\BundleTransformer.Handlebars.csproj", "{E8AF8BF7-1455-4AEB-81CB-0F708B8E4C4A}"
EndProject
Project("{9A19103F-16F7-4668-BE54-9A1E7A4F7556}") = "BundleTransformer.Autoprefixer", "src\BundleTransformer.Autoprefixer\BundleTransformer.Autoprefixer.csproj", "{AEFBD6FE-472E-45E7-A333-FE3CB1B63421}"
EndProject
Project("{9A19103F-16F7-4668-BE54-9A1E7A4F7556}") = "BundleTransformer.MicrosoftAjax", "src\BundleTransformer.MicrosoftAjax\BundleTransformer.MicrosoftAjax.csproj", "{7E6421C5-2B45-49AA-B44F-AF721BF3E91C}"
EndProject
Project("{9A19103F-16F7-4668-BE54-9A1E7A4F7556}") = "BundleTransformer.Yui", "src\BundleTransformer.Yui\BundleTransformer.Yui.csproj", "{FD89F556-47F8-4ECC-925A-54ADBA3AAAF4}"
EndProject
Project("{9A19103F-16F7-4668-BE54-9A1E7A4F7556}") = "BundleTransformer.NUglify", "src\BundleTransformer.NUglify\BundleTransformer.NUglify.csproj", "{A708CDBB-6881-4A21-B1C9-709FA90E05AC}"
EndProject
Project("{9A19103F-16F7-4668-BE54-9A1E7A4F7556}") = "BundleTransformer.Closure", "src\BundleTransformer.Closure\BundleTransformer.Closure.csproj", "{5F003904-8324-441A-91E4-F0FF9EFC3157}"
EndProject
Project("{9A19103F-16F7-4668-BE54-9A1E7A4F7556}") = "BundleTransformer.JsMin", "src\BundleTransformer.JsMin\BundleTransformer.JsMin.csproj", "{404A49CF-2DF0-4BC8-A36D-676230C9D9D8}"
EndProject
Project("{9A19103F-16F7-4668-BE54-9A1E7A4F7556}") = "BundleTransformer.Packer", "src\BundleTransformer.Packer\BundleTransformer.Packer.csproj", "{CB549389-57D9-4C6E-9840-A6F191AD662E}"
EndProject
Project("{9A19103F-16F7-4668-BE54-9A1E7A4F7556}") = "BundleTransformer.UglifyJs", "src\BundleTransformer.UglifyJS\BundleTransformer.UglifyJs.csproj", "{8E9B570D-BC29-4DD4-83BD-955E304532EB}"
EndProject
Project("{9A19103F-16F7-4668-BE54-9A1E7A4F7556}") = "BundleTransformer.Csso", "src\BundleTransformer.Csso\BundleTransformer.Csso.csproj", "{1D3621F1-BD56-4E77-BD56-47EBCA4DEFF9}"
EndProject
Project("{9A19103F-16F7-4668-BE54-9A1E7A4F7556}") = "BundleTransformer.WG", "src\BundleTransformer.WG\BundleTransformer.WG.csproj", "{8C746B76-D9C4-457B-B4AA-68F30EA394BE}"
EndProject
Project("{9A19103F-16F7-4668-BE54-9A1E7A4F7556}") = "BundleTransformer.CleanCss", "src\BundleTransformer.CleanCss\BundleTransformer.CleanCss.csproj", "{04FF5325-E592-4933-8448-F64BFBD70F06}"
EndProject
Project("{9A19103F-16F7-4668-BE54-9A1E7A4F7556}") = "BundleTransformer.Tests", "test\BundleTransformer.Tests\BundleTransformer.Tests.csproj", "{6C7D6FF0-B795-42D5-9F24-E5F9947D648C}"
EndProject
Project("{FAE04EC0-301F-11D3-BF4B-00C04F79EFBC}") = "BundleTransformer.Sample.AspNet4.Mvc4", "samples\BundleTransformer.Sample.AspNet4.Mvc4\BundleTransformer.Sample.AspNet4.Mvc4.csproj", "{22433A9D-93D7-4C11-8540-A79A05BDCF63}"
EndProject
Global
	GlobalSection(SolutionConfigurationPlatforms) = preSolution
		Debug|Any CPU = Debug|Any CPU
		Debug|x64 = Debug|x64
		Debug|x86 = Debug|x86
		Release|Any CPU = Release|Any CPU
		Release|x64 = Release|x64
		Release|x86 = Release|x86
	EndGlobalSection
	GlobalSection(ProjectConfigurationPlatforms) = postSolution
		{7C375231-2815-47F0-A90D-D5A05D06B515}.Debug|Any CPU.ActiveCfg = Debug|Any CPU
		{7C375231-2815-47F0-A90D-D5A05D06B515}.Debug|Any CPU.Build.0 = Debug|Any CPU
		{7C375231-2815-47F0-A90D-D5A05D06B515}.Debug|x64.ActiveCfg = Debug|Any CPU
		{7C375231-2815-47F0-A90D-D5A05D06B515}.Debug|x64.Build.0 = Debug|Any CPU
		{7C375231-2815-47F0-A90D-D5A05D06B515}.Debug|x86.ActiveCfg = Debug|Any CPU
		{7C375231-2815-47F0-A90D-D5A05D06B515}.Debug|x86.Build.0 = Debug|Any CPU
		{7C375231-2815-47F0-A90D-D5A05D06B515}.Release|Any CPU.ActiveCfg = Release|Any CPU
		{7C375231-2815-47F0-A90D-D5A05D06B515}.Release|Any CPU.Build.0 = Release|Any CPU
		{7C375231-2815-47F0-A90D-D5A05D06B515}.Release|x64.ActiveCfg = Release|Any CPU
		{7C375231-2815-47F0-A90D-D5A05D06B515}.Release|x64.Build.0 = Release|Any CPU
		{7C375231-2815-47F0-A90D-D5A05D06B515}.Release|x86.ActiveCfg = Release|Any CPU
		{7C375231-2815-47F0-A90D-D5A05D06B515}.Release|x86.Build.0 = Release|Any CPU
		{751C4B4E-62F2-4799-8EFB-C414EF924589}.Debug|Any CPU.ActiveCfg = Debug|Any CPU
		{751C4B4E-62F2-4799-8EFB-C414EF924589}.Debug|Any CPU.Build.0 = Debug|Any CPU
		{751C4B4E-62F2-4799-8EFB-C414EF924589}.Debug|x64.ActiveCfg = Debug|Any CPU
		{751C4B4E-62F2-4799-8EFB-C414EF924589}.Debug|x64.Build.0 = Debug|Any CPU
		{751C4B4E-62F2-4799-8EFB-C414EF924589}.Debug|x86.ActiveCfg = Debug|Any CPU
		{751C4B4E-62F2-4799-8EFB-C414EF924589}.Debug|x86.Build.0 = Debug|Any CPU
		{751C4B4E-62F2-4799-8EFB-C414EF924589}.Release|Any CPU.ActiveCfg = Release|Any CPU
		{751C4B4E-62F2-4799-8EFB-C414EF924589}.Release|Any CPU.Build.0 = Release|Any CPU
		{751C4B4E-62F2-4799-8EFB-C414EF924589}.Release|x64.ActiveCfg = Release|Any CPU
		{751C4B4E-62F2-4799-8EFB-C414EF924589}.Release|x64.Build.0 = Release|Any CPU
		{751C4B4E-62F2-4799-8EFB-C414EF924589}.Release|x86.ActiveCfg = Release|Any CPU
		{751C4B4E-62F2-4799-8EFB-C414EF924589}.Release|x86.Build.0 = Release|Any CPU
		{5A05ADE5-8D18-47D9-B94B-9E48FC2EEB9A}.Debug|Any CPU.ActiveCfg = Debug|Any CPU
		{5A05ADE5-8D18-47D9-B94B-9E48FC2EEB9A}.Debug|Any CPU.Build.0 = Debug|Any CPU
		{5A05ADE5-8D18-47D9-B94B-9E48FC2EEB9A}.Debug|x64.ActiveCfg = Debug|Any CPU
		{5A05ADE5-8D18-47D9-B94B-9E48FC2EEB9A}.Debug|x64.Build.0 = Debug|Any CPU
		{5A05ADE5-8D18-47D9-B94B-9E48FC2EEB9A}.Debug|x86.ActiveCfg = Debug|Any CPU
		{5A05ADE5-8D18-47D9-B94B-9E48FC2EEB9A}.Debug|x86.Build.0 = Debug|Any CPU
		{5A05ADE5-8D18-47D9-B94B-9E48FC2EEB9A}.Release|Any CPU.ActiveCfg = Release|Any CPU
		{5A05ADE5-8D18-47D9-B94B-9E48FC2EEB9A}.Release|Any CPU.Build.0 = Release|Any CPU
		{5A05ADE5-8D18-47D9-B94B-9E48FC2EEB9A}.Release|x64.ActiveCfg = Release|Any CPU
		{5A05ADE5-8D18-47D9-B94B-9E48FC2EEB9A}.Release|x64.Build.0 = Release|Any CPU
		{5A05ADE5-8D18-47D9-B94B-9E48FC2EEB9A}.Release|x86.ActiveCfg = Release|Any CPU
		{5A05ADE5-8D18-47D9-B94B-9E48FC2EEB9A}.Release|x86.Build.0 = Release|Any CPU
		{96B20278-F72D-4ED5-8C9D-508A0D01F422}.Debug|Any CPU.ActiveCfg = Debug|Any CPU
		{96B20278-F72D-4ED5-8C9D-508A0D01F422}.Debug|Any CPU.Build.0 = Debug|Any CPU
		{96B20278-F72D-4ED5-8C9D-508A0D01F422}.Debug|x64.ActiveCfg = Debug|Any CPU
		{96B20278-F72D-4ED5-8C9D-508A0D01F422}.Debug|x64.Build.0 = Debug|Any CPU
		{96B20278-F72D-4ED5-8C9D-508A0D01F422}.Debug|x86.ActiveCfg = Debug|Any CPU
		{96B20278-F72D-4ED5-8C9D-508A0D01F422}.Debug|x86.Build.0 = Debug|Any CPU
		{96B20278-F72D-4ED5-8C9D-508A0D01F422}.Release|Any CPU.ActiveCfg = Release|Any CPU
		{96B20278-F72D-4ED5-8C9D-508A0D01F422}.Release|Any CPU.Build.0 = Release|Any CPU
		{96B20278-F72D-4ED5-8C9D-508A0D01F422}.Release|x64.ActiveCfg = Release|Any CPU
		{96B20278-F72D-4ED5-8C9D-508A0D01F422}.Release|x64.Build.0 = Release|Any CPU
		{96B20278-F72D-4ED5-8C9D-508A0D01F422}.Release|x86.ActiveCfg = Release|Any CPU
		{96B20278-F72D-4ED5-8C9D-508A0D01F422}.Release|x86.Build.0 = Release|Any CPU
		{E1C8DFEA-47F5-4D68-8CE6-F874490B6383}.Debug|Any CPU.ActiveCfg = Debug|Any CPU
		{E1C8DFEA-47F5-4D68-8CE6-F874490B6383}.Debug|Any CPU.Build.0 = Debug|Any CPU
		{E1C8DFEA-47F5-4D68-8CE6-F874490B6383}.Debug|x64.ActiveCfg = Debug|Any CPU
		{E1C8DFEA-47F5-4D68-8CE6-F874490B6383}.Debug|x64.Build.0 = Debug|Any CPU
		{E1C8DFEA-47F5-4D68-8CE6-F874490B6383}.Debug|x86.ActiveCfg = Debug|Any CPU
		{E1C8DFEA-47F5-4D68-8CE6-F874490B6383}.Debug|x86.Build.0 = Debug|Any CPU
		{E1C8DFEA-47F5-4D68-8CE6-F874490B6383}.Release|Any CPU.ActiveCfg = Release|Any CPU
		{E1C8DFEA-47F5-4D68-8CE6-F874490B6383}.Release|Any CPU.Build.0 = Release|Any CPU
		{E1C8DFEA-47F5-4D68-8CE6-F874490B6383}.Release|x64.ActiveCfg = Release|Any CPU
		{E1C8DFEA-47F5-4D68-8CE6-F874490B6383}.Release|x64.Build.0 = Release|Any CPU
		{E1C8DFEA-47F5-4D68-8CE6-F874490B6383}.Release|x86.ActiveCfg = Release|Any CPU
		{E1C8DFEA-47F5-4D68-8CE6-F874490B6383}.Release|x86.Build.0 = Release|Any CPU
		{81B772F1-0645-4EEA-83C9-B2E89F1E9944}.Debug|Any CPU.ActiveCfg = Debug|Any CPU
		{81B772F1-0645-4EEA-83C9-B2E89F1E9944}.Debug|Any CPU.Build.0 = Debug|Any CPU
		{81B772F1-0645-4EEA-83C9-B2E89F1E9944}.Debug|x64.ActiveCfg = Debug|Any CPU
		{81B772F1-0645-4EEA-83C9-B2E89F1E9944}.Debug|x64.Build.0 = Debug|Any CPU
		{81B772F1-0645-4EEA-83C9-B2E89F1E9944}.Debug|x86.ActiveCfg = Debug|Any CPU
		{81B772F1-0645-4EEA-83C9-B2E89F1E9944}.Debug|x86.Build.0 = Debug|Any CPU
		{81B772F1-0645-4EEA-83C9-B2E89F1E9944}.Release|Any CPU.ActiveCfg = Release|Any CPU
		{81B772F1-0645-4EEA-83C9-B2E89F1E9944}.Release|Any CPU.Build.0 = Release|Any CPU
		{81B772F1-0645-4EEA-83C9-B2E89F1E9944}.Release|x64.ActiveCfg = Release|Any CPU
		{81B772F1-0645-4EEA-83C9-B2E89F1E9944}.Release|x64.Build.0 = Release|Any CPU
		{81B772F1-0645-4EEA-83C9-B2E89F1E9944}.Release|x86.ActiveCfg = Release|Any CPU
		{81B772F1-0645-4EEA-83C9-B2E89F1E9944}.Release|x86.Build.0 = Release|Any CPU
		{E8AF8BF7-1455-4AEB-81CB-0F708B8E4C4A}.Debug|Any CPU.ActiveCfg = Debug|Any CPU
		{E8AF8BF7-1455-4AEB-81CB-0F708B8E4C4A}.Debug|Any CPU.Build.0 = Debug|Any CPU
		{E8AF8BF7-1455-4AEB-81CB-0F708B8E4C4A}.Debug|x64.ActiveCfg = Debug|Any CPU
		{E8AF8BF7-1455-4AEB-81CB-0F708B8E4C4A}.Debug|x86.ActiveCfg = Debug|Any CPU
		{E8AF8BF7-1455-4AEB-81CB-0F708B8E4C4A}.Release|Any CPU.ActiveCfg = Release|Any CPU
		{E8AF8BF7-1455-4AEB-81CB-0F708B8E4C4A}.Release|Any CPU.Build.0 = Release|Any CPU
		{E8AF8BF7-1455-4AEB-81CB-0F708B8E4C4A}.Release|x64.ActiveCfg = Release|Any CPU
		{E8AF8BF7-1455-4AEB-81CB-0F708B8E4C4A}.Release|x86.ActiveCfg = Release|Any CPU
		{22433A9D-93D7-4C11-8540-A79A05BDCF63}.Debug|Any CPU.ActiveCfg = Debug|Any CPU
		{22433A9D-93D7-4C11-8540-A79A05BDCF63}.Debug|Any CPU.Build.0 = Debug|Any CPU
		{22433A9D-93D7-4C11-8540-A79A05BDCF63}.Debug|x64.ActiveCfg = Debug|Any CPU
		{22433A9D-93D7-4C11-8540-A79A05BDCF63}.Debug|x86.ActiveCfg = Debug|Any CPU
		{22433A9D-93D7-4C11-8540-A79A05BDCF63}.Release|Any CPU.ActiveCfg = Release|Any CPU
		{22433A9D-93D7-4C11-8540-A79A05BDCF63}.Release|Any CPU.Build.0 = Release|Any CPU
		{22433A9D-93D7-4C11-8540-A79A05BDCF63}.Release|x64.ActiveCfg = Release|Any CPU
		{22433A9D-93D7-4C11-8540-A79A05BDCF63}.Release|x86.ActiveCfg = Release|Any CPU
		{04FF5325-E592-4933-8448-F64BFBD70F06}.Debug|Any CPU.ActiveCfg = Debug|Any CPU
		{04FF5325-E592-4933-8448-F64BFBD70F06}.Debug|Any CPU.Build.0 = Debug|Any CPU
		{04FF5325-E592-4933-8448-F64BFBD70F06}.Debug|x64.ActiveCfg = Debug|Any CPU
		{04FF5325-E592-4933-8448-F64BFBD70F06}.Debug|x64.Build.0 = Debug|Any CPU
		{04FF5325-E592-4933-8448-F64BFBD70F06}.Debug|x86.ActiveCfg = Debug|Any CPU
		{04FF5325-E592-4933-8448-F64BFBD70F06}.Debug|x86.Build.0 = Debug|Any CPU
		{04FF5325-E592-4933-8448-F64BFBD70F06}.Release|Any CPU.ActiveCfg = Release|Any CPU
		{04FF5325-E592-4933-8448-F64BFBD70F06}.Release|Any CPU.Build.0 = Release|Any CPU
		{04FF5325-E592-4933-8448-F64BFBD70F06}.Release|x64.ActiveCfg = Release|Any CPU
		{04FF5325-E592-4933-8448-F64BFBD70F06}.Release|x64.Build.0 = Release|Any CPU
		{04FF5325-E592-4933-8448-F64BFBD70F06}.Release|x86.ActiveCfg = Release|Any CPU
		{04FF5325-E592-4933-8448-F64BFBD70F06}.Release|x86.Build.0 = Release|Any CPU
		{5F003904-8324-441A-91E4-F0FF9EFC3157}.Debug|Any CPU.ActiveCfg = Debug|Any CPU
		{5F003904-8324-441A-91E4-F0FF9EFC3157}.Debug|Any CPU.Build.0 = Debug|Any CPU
		{5F003904-8324-441A-91E4-F0FF9EFC3157}.Debug|x64.ActiveCfg = Debug|Any CPU
		{5F003904-8324-441A-91E4-F0FF9EFC3157}.Debug|x64.Build.0 = Debug|Any CPU
		{5F003904-8324-441A-91E4-F0FF9EFC3157}.Debug|x86.ActiveCfg = Debug|Any CPU
		{5F003904-8324-441A-91E4-F0FF9EFC3157}.Debug|x86.Build.0 = Debug|Any CPU
		{5F003904-8324-441A-91E4-F0FF9EFC3157}.Release|Any CPU.ActiveCfg = Release|Any CPU
		{5F003904-8324-441A-91E4-F0FF9EFC3157}.Release|Any CPU.Build.0 = Release|Any CPU
		{5F003904-8324-441A-91E4-F0FF9EFC3157}.Release|x64.ActiveCfg = Release|Any CPU
		{5F003904-8324-441A-91E4-F0FF9EFC3157}.Release|x64.Build.0 = Release|Any CPU
		{5F003904-8324-441A-91E4-F0FF9EFC3157}.Release|x86.ActiveCfg = Release|Any CPU
		{5F003904-8324-441A-91E4-F0FF9EFC3157}.Release|x86.Build.0 = Release|Any CPU
		{1D3621F1-BD56-4E77-BD56-47EBCA4DEFF9}.Debug|Any CPU.ActiveCfg = Debug|Any CPU
		{1D3621F1-BD56-4E77-BD56-47EBCA4DEFF9}.Debug|Any CPU.Build.0 = Debug|Any CPU
		{1D3621F1-BD56-4E77-BD56-47EBCA4DEFF9}.Debug|x64.ActiveCfg = Debug|Any CPU
		{1D3621F1-BD56-4E77-BD56-47EBCA4DEFF9}.Debug|x64.Build.0 = Debug|Any CPU
		{1D3621F1-BD56-4E77-BD56-47EBCA4DEFF9}.Debug|x86.ActiveCfg = Debug|Any CPU
		{1D3621F1-BD56-4E77-BD56-47EBCA4DEFF9}.Debug|x86.Build.0 = Debug|Any CPU
		{1D3621F1-BD56-4E77-BD56-47EBCA4DEFF9}.Release|Any CPU.ActiveCfg = Release|Any CPU
		{1D3621F1-BD56-4E77-BD56-47EBCA4DEFF9}.Release|Any CPU.Build.0 = Release|Any CPU
		{1D3621F1-BD56-4E77-BD56-47EBCA4DEFF9}.Release|x64.ActiveCfg = Release|Any CPU
		{1D3621F1-BD56-4E77-BD56-47EBCA4DEFF9}.Release|x64.Build.0 = Release|Any CPU
		{1D3621F1-BD56-4E77-BD56-47EBCA4DEFF9}.Release|x86.ActiveCfg = Release|Any CPU
		{1D3621F1-BD56-4E77-BD56-47EBCA4DEFF9}.Release|x86.Build.0 = Release|Any CPU
		{404A49CF-2DF0-4BC8-A36D-676230C9D9D8}.Debug|Any CPU.ActiveCfg = Debug|Any CPU
		{404A49CF-2DF0-4BC8-A36D-676230C9D9D8}.Debug|Any CPU.Build.0 = Debug|Any CPU
		{404A49CF-2DF0-4BC8-A36D-676230C9D9D8}.Debug|x64.ActiveCfg = Debug|Any CPU
		{404A49CF-2DF0-4BC8-A36D-676230C9D9D8}.Debug|x64.Build.0 = Debug|Any CPU
		{404A49CF-2DF0-4BC8-A36D-676230C9D9D8}.Debug|x86.ActiveCfg = Debug|Any CPU
		{404A49CF-2DF0-4BC8-A36D-676230C9D9D8}.Debug|x86.Build.0 = Debug|Any CPU
		{404A49CF-2DF0-4BC8-A36D-676230C9D9D8}.Release|Any CPU.ActiveCfg = Release|Any CPU
		{404A49CF-2DF0-4BC8-A36D-676230C9D9D8}.Release|Any CPU.Build.0 = Release|Any CPU
		{404A49CF-2DF0-4BC8-A36D-676230C9D9D8}.Release|x64.ActiveCfg = Release|Any CPU
		{404A49CF-2DF0-4BC8-A36D-676230C9D9D8}.Release|x64.Build.0 = Release|Any CPU
		{404A49CF-2DF0-4BC8-A36D-676230C9D9D8}.Release|x86.ActiveCfg = Release|Any CPU
		{404A49CF-2DF0-4BC8-A36D-676230C9D9D8}.Release|x86.Build.0 = Release|Any CPU
		{7E6421C5-2B45-49AA-B44F-AF721BF3E91C}.Debug|Any CPU.ActiveCfg = Debug|Any CPU
		{7E6421C5-2B45-49AA-B44F-AF721BF3E91C}.Debug|Any CPU.Build.0 = Debug|Any CPU
		{7E6421C5-2B45-49AA-B44F-AF721BF3E91C}.Debug|x64.ActiveCfg = Debug|Any CPU
		{7E6421C5-2B45-49AA-B44F-AF721BF3E91C}.Debug|x64.Build.0 = Debug|Any CPU
		{7E6421C5-2B45-49AA-B44F-AF721BF3E91C}.Debug|x86.ActiveCfg = Debug|Any CPU
		{7E6421C5-2B45-49AA-B44F-AF721BF3E91C}.Debug|x86.Build.0 = Debug|Any CPU
		{7E6421C5-2B45-49AA-B44F-AF721BF3E91C}.Release|Any CPU.ActiveCfg = Release|Any CPU
		{7E6421C5-2B45-49AA-B44F-AF721BF3E91C}.Release|Any CPU.Build.0 = Release|Any CPU
		{7E6421C5-2B45-49AA-B44F-AF721BF3E91C}.Release|x64.ActiveCfg = Release|Any CPU
		{7E6421C5-2B45-49AA-B44F-AF721BF3E91C}.Release|x64.Build.0 = Release|Any CPU
		{7E6421C5-2B45-49AA-B44F-AF721BF3E91C}.Release|x86.ActiveCfg = Release|Any CPU
		{7E6421C5-2B45-49AA-B44F-AF721BF3E91C}.Release|x86.Build.0 = Release|Any CPU
		{A708CDBB-6881-4A21-B1C9-709FA90E05AC}.Debug|Any CPU.ActiveCfg = Debug|Any CPU
		{A708CDBB-6881-4A21-B1C9-709FA90E05AC}.Debug|Any CPU.Build.0 = Debug|Any CPU
		{A708CDBB-6881-4A21-B1C9-709FA90E05AC}.Debug|x64.ActiveCfg = Debug|Any CPU
		{A708CDBB-6881-4A21-B1C9-709FA90E05AC}.Debug|x64.Build.0 = Debug|Any CPU
		{A708CDBB-6881-4A21-B1C9-709FA90E05AC}.Debug|x86.ActiveCfg = Debug|Any CPU
		{A708CDBB-6881-4A21-B1C9-709FA90E05AC}.Debug|x86.Build.0 = Debug|Any CPU
		{A708CDBB-6881-4A21-B1C9-709FA90E05AC}.Release|Any CPU.ActiveCfg = Release|Any CPU
		{A708CDBB-6881-4A21-B1C9-709FA90E05AC}.Release|Any CPU.Build.0 = Release|Any CPU
		{A708CDBB-6881-4A21-B1C9-709FA90E05AC}.Release|x64.ActiveCfg = Release|Any CPU
		{A708CDBB-6881-4A21-B1C9-709FA90E05AC}.Release|x64.Build.0 = Release|Any CPU
		{A708CDBB-6881-4A21-B1C9-709FA90E05AC}.Release|x86.ActiveCfg = Release|Any CPU
		{A708CDBB-6881-4A21-B1C9-709FA90E05AC}.Release|x86.Build.0 = Release|Any CPU
		{CB549389-57D9-4C6E-9840-A6F191AD662E}.Debug|Any CPU.ActiveCfg = Debug|Any CPU
		{CB549389-57D9-4C6E-9840-A6F191AD662E}.Debug|Any CPU.Build.0 = Debug|Any CPU
		{CB549389-57D9-4C6E-9840-A6F191AD662E}.Debug|x64.ActiveCfg = Debug|Any CPU
		{CB549389-57D9-4C6E-9840-A6F191AD662E}.Debug|x64.Build.0 = Debug|Any CPU
		{CB549389-57D9-4C6E-9840-A6F191AD662E}.Debug|x86.ActiveCfg = Debug|Any CPU
		{CB549389-57D9-4C6E-9840-A6F191AD662E}.Debug|x86.Build.0 = Debug|Any CPU
		{CB549389-57D9-4C6E-9840-A6F191AD662E}.Release|Any CPU.ActiveCfg = Release|Any CPU
		{CB549389-57D9-4C6E-9840-A6F191AD662E}.Release|Any CPU.Build.0 = Release|Any CPU
		{CB549389-57D9-4C6E-9840-A6F191AD662E}.Release|x64.ActiveCfg = Release|Any CPU
		{CB549389-57D9-4C6E-9840-A6F191AD662E}.Release|x64.Build.0 = Release|Any CPU
		{CB549389-57D9-4C6E-9840-A6F191AD662E}.Release|x86.ActiveCfg = Release|Any CPU
		{CB549389-57D9-4C6E-9840-A6F191AD662E}.Release|x86.Build.0 = Release|Any CPU
		{8E9B570D-BC29-4DD4-83BD-955E304532EB}.Debug|Any CPU.ActiveCfg = Debug|Any CPU
		{8E9B570D-BC29-4DD4-83BD-955E304532EB}.Debug|Any CPU.Build.0 = Debug|Any CPU
		{8E9B570D-BC29-4DD4-83BD-955E304532EB}.Debug|x64.ActiveCfg = Debug|Any CPU
		{8E9B570D-BC29-4DD4-83BD-955E304532EB}.Debug|x64.Build.0 = Debug|Any CPU
		{8E9B570D-BC29-4DD4-83BD-955E304532EB}.Debug|x86.ActiveCfg = Debug|Any CPU
		{8E9B570D-BC29-4DD4-83BD-955E304532EB}.Debug|x86.Build.0 = Debug|Any CPU
		{8E9B570D-BC29-4DD4-83BD-955E304532EB}.Release|Any CPU.ActiveCfg = Release|Any CPU
		{8E9B570D-BC29-4DD4-83BD-955E304532EB}.Release|Any CPU.Build.0 = Release|Any CPU
		{8E9B570D-BC29-4DD4-83BD-955E304532EB}.Release|x64.ActiveCfg = Release|Any CPU
		{8E9B570D-BC29-4DD4-83BD-955E304532EB}.Release|x64.Build.0 = Release|Any CPU
		{8E9B570D-BC29-4DD4-83BD-955E304532EB}.Release|x86.ActiveCfg = Release|Any CPU
		{8E9B570D-BC29-4DD4-83BD-955E304532EB}.Release|x86.Build.0 = Release|Any CPU
		{8C746B76-D9C4-457B-B4AA-68F30EA394BE}.Debug|Any CPU.ActiveCfg = Debug|Any CPU
		{8C746B76-D9C4-457B-B4AA-68F30EA394BE}.Debug|Any CPU.Build.0 = Debug|Any CPU
		{8C746B76-D9C4-457B-B4AA-68F30EA394BE}.Debug|x64.ActiveCfg = Debug|Any CPU
		{8C746B76-D9C4-457B-B4AA-68F30EA394BE}.Debug|x64.Build.0 = Debug|Any CPU
		{8C746B76-D9C4-457B-B4AA-68F30EA394BE}.Debug|x86.ActiveCfg = Debug|Any CPU
		{8C746B76-D9C4-457B-B4AA-68F30EA394BE}.Debug|x86.Build.0 = Debug|Any CPU
		{8C746B76-D9C4-457B-B4AA-68F30EA394BE}.Release|Any CPU.ActiveCfg = Release|Any CPU
		{8C746B76-D9C4-457B-B4AA-68F30EA394BE}.Release|Any CPU.Build.0 = Release|Any CPU
		{8C746B76-D9C4-457B-B4AA-68F30EA394BE}.Release|x64.ActiveCfg = Release|Any CPU
		{8C746B76-D9C4-457B-B4AA-68F30EA394BE}.Release|x64.Build.0 = Release|Any CPU
		{8C746B76-D9C4-457B-B4AA-68F30EA394BE}.Release|x86.ActiveCfg = Release|Any CPU
		{8C746B76-D9C4-457B-B4AA-68F30EA394BE}.Release|x86.Build.0 = Release|Any CPU
		{FD89F556-47F8-4ECC-925A-54ADBA3AAAF4}.Debug|Any CPU.ActiveCfg = Debug|Any CPU
		{FD89F556-47F8-4ECC-925A-54ADBA3AAAF4}.Debug|Any CPU.Build.0 = Debug|Any CPU
		{FD89F556-47F8-4ECC-925A-54ADBA3AAAF4}.Debug|x64.ActiveCfg = Debug|Any CPU
		{FD89F556-47F8-4ECC-925A-54ADBA3AAAF4}.Debug|x64.Build.0 = Debug|Any CPU
		{FD89F556-47F8-4ECC-925A-54ADBA3AAAF4}.Debug|x86.ActiveCfg = Debug|Any CPU
		{FD89F556-47F8-4ECC-925A-54ADBA3AAAF4}.Debug|x86.Build.0 = Debug|Any CPU
		{FD89F556-47F8-4ECC-925A-54ADBA3AAAF4}.Release|Any CPU.ActiveCfg = Release|Any CPU
		{FD89F556-47F8-4ECC-925A-54ADBA3AAAF4}.Release|Any CPU.Build.0 = Release|Any CPU
		{FD89F556-47F8-4ECC-925A-54ADBA3AAAF4}.Release|x64.ActiveCfg = Release|Any CPU
		{FD89F556-47F8-4ECC-925A-54ADBA3AAAF4}.Release|x64.Build.0 = Release|Any CPU
		{FD89F556-47F8-4ECC-925A-54ADBA3AAAF4}.Release|x86.ActiveCfg = Release|Any CPU
		{FD89F556-47F8-4ECC-925A-54ADBA3AAAF4}.Release|x86.Build.0 = Release|Any CPU
		{2B670131-FD58-43C9-B739-5440B63F19E9}.Debug|Any CPU.ActiveCfg = Debug|Any CPU
		{2B670131-FD58-43C9-B739-5440B63F19E9}.Debug|Any CPU.Build.0 = Debug|Any CPU
		{2B670131-FD58-43C9-B739-5440B63F19E9}.Debug|x64.ActiveCfg = Debug|Any CPU
		{2B670131-FD58-43C9-B739-5440B63F19E9}.Debug|x64.Build.0 = Debug|Any CPU
		{2B670131-FD58-43C9-B739-5440B63F19E9}.Debug|x86.ActiveCfg = Debug|Any CPU
		{2B670131-FD58-43C9-B739-5440B63F19E9}.Debug|x86.Build.0 = Debug|Any CPU
		{2B670131-FD58-43C9-B739-5440B63F19E9}.Release|Any CPU.ActiveCfg = Release|Any CPU
		{2B670131-FD58-43C9-B739-5440B63F19E9}.Release|Any CPU.Build.0 = Release|Any CPU
		{2B670131-FD58-43C9-B739-5440B63F19E9}.Release|x64.ActiveCfg = Release|Any CPU
		{2B670131-FD58-43C9-B739-5440B63F19E9}.Release|x64.Build.0 = Release|Any CPU
		{2B670131-FD58-43C9-B739-5440B63F19E9}.Release|x86.ActiveCfg = Release|Any CPU
		{2B670131-FD58-43C9-B739-5440B63F19E9}.Release|x86.Build.0 = Release|Any CPU
		{6C7D6FF0-B795-42D5-9F24-E5F9947D648C}.Debug|Any CPU.ActiveCfg = Debug|Any CPU
		{6C7D6FF0-B795-42D5-9F24-E5F9947D648C}.Debug|Any CPU.Build.0 = Debug|Any CPU
		{6C7D6FF0-B795-42D5-9F24-E5F9947D648C}.Debug|x64.ActiveCfg = Debug|Any CPU
		{6C7D6FF0-B795-42D5-9F24-E5F9947D648C}.Debug|x64.Build.0 = Debug|Any CPU
		{6C7D6FF0-B795-42D5-9F24-E5F9947D648C}.Debug|x86.ActiveCfg = Debug|Any CPU
		{6C7D6FF0-B795-42D5-9F24-E5F9947D648C}.Debug|x86.Build.0 = Debug|Any CPU
		{6C7D6FF0-B795-42D5-9F24-E5F9947D648C}.Release|Any CPU.ActiveCfg = Release|Any CPU
		{6C7D6FF0-B795-42D5-9F24-E5F9947D648C}.Release|Any CPU.Build.0 = Release|Any CPU
		{6C7D6FF0-B795-42D5-9F24-E5F9947D648C}.Release|x64.ActiveCfg = Release|Any CPU
		{6C7D6FF0-B795-42D5-9F24-E5F9947D648C}.Release|x64.Build.0 = Release|Any CPU
		{6C7D6FF0-B795-42D5-9F24-E5F9947D648C}.Release|x86.ActiveCfg = Release|Any CPU
		{6C7D6FF0-B795-42D5-9F24-E5F9947D648C}.Release|x86.Build.0 = Release|Any CPU
		{AEFBD6FE-472E-45E7-A333-FE3CB1B63421}.Debug|Any CPU.ActiveCfg = Debug|Any CPU
		{AEFBD6FE-472E-45E7-A333-FE3CB1B63421}.Debug|Any CPU.Build.0 = Debug|Any CPU
		{AEFBD6FE-472E-45E7-A333-FE3CB1B63421}.Debug|x64.ActiveCfg = Debug|Any CPU
		{AEFBD6FE-472E-45E7-A333-FE3CB1B63421}.Debug|x64.Build.0 = Debug|Any CPU
		{AEFBD6FE-472E-45E7-A333-FE3CB1B63421}.Debug|x86.ActiveCfg = Debug|Any CPU
		{AEFBD6FE-472E-45E7-A333-FE3CB1B63421}.Debug|x86.Build.0 = Debug|Any CPU
		{AEFBD6FE-472E-45E7-A333-FE3CB1B63421}.Release|Any CPU.ActiveCfg = Release|Any CPU
		{AEFBD6FE-472E-45E7-A333-FE3CB1B63421}.Release|Any CPU.Build.0 = Release|Any CPU
		{AEFBD6FE-472E-45E7-A333-FE3CB1B63421}.Release|x64.ActiveCfg = Release|Any CPU
		{AEFBD6FE-472E-45E7-A333-FE3CB1B63421}.Release|x64.Build.0 = Release|Any CPU
		{AEFBD6FE-472E-45E7-A333-FE3CB1B63421}.Release|x86.ActiveCfg = Release|Any CPU
		{AEFBD6FE-472E-45E7-A333-FE3CB1B63421}.Release|x86.Build.0 = Release|Any CPU
	EndGlobalSection
	GlobalSection(SolutionProperties) = preSolution
		HideSolutionNode = FALSE
	EndGlobalSection
	GlobalSection(NestedProjects) = preSolution
		{7C375231-2815-47F0-A90D-D5A05D06B515} = {300F3D87-99D4-4DD7-BC4F-AC1144D1E7B2}
		{751C4B4E-62F2-4799-8EFB-C414EF924589} = {300F3D87-99D4-4DD7-BC4F-AC1144D1E7B2}
		{5A05ADE5-8D18-47D9-B94B-9E48FC2EEB9A} = {300F3D87-99D4-4DD7-BC4F-AC1144D1E7B2}
		{96B20278-F72D-4ED5-8C9D-508A0D01F422} = {300F3D87-99D4-4DD7-BC4F-AC1144D1E7B2}
		{E1C8DFEA-47F5-4D68-8CE6-F874490B6383} = {300F3D87-99D4-4DD7-BC4F-AC1144D1E7B2}
		{81B772F1-0645-4EEA-83C9-B2E89F1E9944} = {300F3D87-99D4-4DD7-BC4F-AC1144D1E7B2}
		{E8AF8BF7-1455-4AEB-81CB-0F708B8E4C4A} = {300F3D87-99D4-4DD7-BC4F-AC1144D1E7B2}
		{22433A9D-93D7-4C11-8540-A79A05BDCF63} = {1556868B-01ED-4001-8BD3-07AB2AF47169}
		{04FF5325-E592-4933-8448-F64BFBD70F06} = {300F3D87-99D4-4DD7-BC4F-AC1144D1E7B2}
		{5F003904-8324-441A-91E4-F0FF9EFC3157} = {300F3D87-99D4-4DD7-BC4F-AC1144D1E7B2}
		{1D3621F1-BD56-4E77-BD56-47EBCA4DEFF9} = {300F3D87-99D4-4DD7-BC4F-AC1144D1E7B2}
		{404A49CF-2DF0-4BC8-A36D-676230C9D9D8} = {300F3D87-99D4-4DD7-BC4F-AC1144D1E7B2}
		{7E6421C5-2B45-49AA-B44F-AF721BF3E91C} = {300F3D87-99D4-4DD7-BC4F-AC1144D1E7B2}
		{A708CDBB-6881-4A21-B1C9-709FA90E05AC} = {300F3D87-99D4-4DD7-BC4F-AC1144D1E7B2}
		{CB549389-57D9-4C6E-9840-A6F191AD662E} = {300F3D87-99D4-4DD7-BC4F-AC1144D1E7B2}
		{8E9B570D-BC29-4DD4-83BD-955E304532EB} = {300F3D87-99D4-4DD7-BC4F-AC1144D1E7B2}
		{8C746B76-D9C4-457B-B4AA-68F30EA394BE} = {300F3D87-99D4-4DD7-BC4F-AC1144D1E7B2}
		{FD89F556-47F8-4ECC-925A-54ADBA3AAAF4} = {300F3D87-99D4-4DD7-BC4F-AC1144D1E7B2}
		{2B670131-FD58-43C9-B739-5440B63F19E9} = {300F3D87-99D4-4DD7-BC4F-AC1144D1E7B2}
		{6C7D6FF0-B795-42D5-9F24-E5F9947D648C} = {6776745D-5712-4210-9180-43BCE7895075}
		{AEFBD6FE-472E-45E7-A333-FE3CB1B63421} = {300F3D87-99D4-4DD7-BC4F-AC1144D1E7B2}
	EndGlobalSection
	GlobalSection(ExtensibilityGlobals) = postSolution
		SolutionGuid = {F8DFF8A3-7BEC-445C-AD60-3F04C5DEE418}
	EndGlobalSection
EndGlobal
