
Microsoft Visual Studio Solution File, Format Version 11.00
# Visual Studio 2010
Project("{FAE04EC0-301F-11D3-BF4B-00C04F79EFBC}") = "BundleTransformer.Core", "BundleTransformer.Core\BundleTransformer.Core.csproj", "{1BAB3B8F-9A16-4632-BFB5-47A441DD9AFF}"
EndProject
Project("{FAE04EC0-301F-11D3-BF4B-00C04F79EFBC}") = "BundleTransformer.Csso.x64", "BundleTransformer.Csso\BundleTransformer.Csso.x64.csproj", "{E70F938E-7498-4904-8E89-445DE42D974B}"
EndProject
Global
	GlobalSection(SolutionConfigurationPlatforms) = preSolution
		Debug|Any CPU = Debug|Any CPU
		Debug|x64 = Debug|x64
		Debug|x86 = Debug|x86
		Release|Any CPU = Release|Any CPU
		Release|x64 = Release|x64
		Release|x86 = Release|x86
	EndGlobalSection
	GlobalSection(ProjectConfigurationPlatforms) = postSolution
		{1BAB3B8F-9A16-4632-BFB5-47A441DD9AFF}.Debug|Any CPU.ActiveCfg = Debug|Any CPU
		{1BAB3B8F-9A16-4632-BFB5-47A441DD9AFF}.Debug|Any CPU.Build.0 = Debug|Any CPU
		{1BAB3B8F-9A16-4632-BFB5-47A441DD9AFF}.Debug|x64.ActiveCfg = Debug|x64
		{1BAB3B8F-9A16-4632-BFB5-47A441DD9AFF}.Debug|x64.Build.0 = Debug|x64
		{1BAB3B8F-9A16-4632-BFB5-47A441DD9AFF}.Debug|x86.ActiveCfg = Debug|x86
		{1BAB3B8F-9A16-4632-BFB5-47A441DD9AFF}.Debug|x86.Build.0 = Debug|x86
		{1BAB3B8F-9A16-4632-BFB5-47A441DD9AFF}.Release|Any CPU.ActiveCfg = Release|Any CPU
		{1BAB3B8F-9A16-4632-BFB5-47A441DD9AFF}.Release|Any CPU.Build.0 = Release|Any CPU
		{1BAB3B8F-9A16-4632-BFB5-47A441DD9AFF}.Release|x64.ActiveCfg = Release|x64
		{1BAB3B8F-9A16-4632-BFB5-47A441DD9AFF}.Release|x64.Build.0 = Release|x64
		{1BAB3B8F-9A16-4632-BFB5-47A441DD9AFF}.Release|x86.ActiveCfg = Release|x86
		{1BAB3B8F-9A16-4632-BFB5-47A441DD9AFF}.Release|x86.Build.0 = Release|x86
		{E70F938E-7498-4904-8E89-445DE42D974B}.Debug|Any CPU.ActiveCfg = Debug|Any CPU
		{E70F938E-7498-4904-8E89-445DE42D974B}.Debug|Any CPU.Build.0 = Debug|Any CPU
		{E70F938E-7498-4904-8E89-445DE42D974B}.Debug|x64.ActiveCfg = Debug|x64
		{E70F938E-7498-4904-8E89-445DE42D974B}.Debug|x64.Build.0 = Debug|x64
		{E70F938E-7498-4904-8E89-445DE42D974B}.Debug|x86.ActiveCfg = Debug|x86
		{E70F938E-7498-4904-8E89-445DE42D974B}.Debug|x86.Build.0 = Debug|x86
		{E70F938E-7498-4904-8E89-445DE42D974B}.Release|Any CPU.ActiveCfg = Release|Any CPU
		{E70F938E-7498-4904-8E89-445DE42D974B}.Release|Any CPU.Build.0 = Release|Any CPU
		{E70F938E-7498-4904-8E89-445DE42D974B}.Release|x64.ActiveCfg = Release|x64
		{E70F938E-7498-4904-8E89-445DE42D974B}.Release|x64.Build.0 = Release|x64
		{E70F938E-7498-4904-8E89-445DE42D974B}.Release|x86.ActiveCfg = Release|x86
		{E70F938E-7498-4904-8E89-445DE42D974B}.Release|x86.Build.0 = Release|x86
	EndGlobalSection
	GlobalSection(SolutionProperties) = preSolution
		HideSolutionNode = FALSE
	EndGlobalSection
EndGlobal
